// !$*UTF8*$!
{
	archiveVersion = 1;
	classes = {
	};
	objectVersion = 50;
	objects = {

/* Begin PBXBuildFile section */
		5AFF3D462451BD7D00270403 /* AppDelegate.swift in Sources */ = {isa = PBXBuildFile; fileRef = 5AFF3D452451BD7D00270403 /* AppDelegate.swift */; };
		5AFF3D482451BD7D00270403 /* SceneDelegate.swift in Sources */ = {isa = PBXBuildFile; fileRef = 5AFF3D472451BD7D00270403 /* SceneDelegate.swift */; };
		5AFF3D4A2451BD7D00270403 /* ViewController.swift in Sources */ = {isa = PBXBuildFile; fileRef = 5AFF3D492451BD7D00270403 /* ViewController.swift */; };
		5AFF3D4D2451BD7D00270403 /* Main.storyboard in Resources */ = {isa = PBXBuildFile; fileRef = 5AFF3D4B2451BD7D00270403 /* Main.storyboard */; };
		5AFF3D502451BD7D00270403 /* TimersApp.xcdatamodeld in Sources */ = {isa = PBXBuildFile; fileRef = 5AFF3D4E2451BD7D00270403 /* TimersApp.xcdatamodeld */; };
		5AFF3D522451BDA800270403 /* Assets.xcassets in Resources */ = {isa = PBXBuildFile; fileRef = 5AFF3D512451BDA800270403 /* Assets.xcassets */; };
		5AFF3D552451BDA900270403 /* LaunchScreen.storyboard in Resources */ = {isa = PBXBuildFile; fileRef = 5AFF3D532451BDA900270403 /* LaunchScreen.storyboard */; };
		5AFF3D602451BDAE00270403 /* TimersAppTests.swift in Sources */ = {isa = PBXBuildFile; fileRef = 5AFF3D5F2451BDAE00270403 /* TimersAppTests.swift */; };
/* End PBXBuildFile section */

/* Begin PBXContainerItemProxy section */
		5AFF3D5C2451BDAE00270403 /* PBXContainerItemProxy */ = {
			isa = PBXContainerItemProxy;
			containerPortal = 5AFF3D3A2451BD7D00270403 /* Project object */;
			proxyType = 1;
			remoteGlobalIDString = 5AFF3D412451BD7D00270403;
			remoteInfo = TimersApp;
		};
/* End PBXContainerItemProxy section */

/* Begin PBXFileReference section */
		5AFF3D422451BD7D00270403 /* TimersApp.app */ = {isa = PBXFileReference; explicitFileType = wrapper.application; includeInIndex = 0; path = TimersApp.app; sourceTree = BUILT_PRODUCTS_DIR; };
		5AFF3D452451BD7D00270403 /* AppDelegate.swift */ = {isa = PBXFileReference; lastKnownFileType = sourcecode.swift; path = AppDelegate.swift; sourceTree = "<group>"; };
		5AFF3D472451BD7D00270403 /* SceneDelegate.swift */ = {isa = PBXFileReference; lastKnownFileType = sourcecode.swift; path = SceneDelegate.swift; sourceTree = "<group>"; };
		5AFF3D492451BD7D00270403 /* ViewController.swift */ = {isa = PBXFileReference; lastKnownFileType = sourcecode.swift; path = ViewController.swift; sourceTree = "<group>"; };
		5AFF3D4C2451BD7D00270403 /* Base */ = {isa = PBXFileReference; lastKnownFileType = file.storyboard; name = Base; path = Base.lproj/Main.storyboard; sourceTree = "<group>"; };
		5AFF3D4F2451BD7D00270403 /* TimersApp.xcdatamodel */ = {isa = PBXFileReference; lastKnownFileType = wrapper.xcdatamodel; path = TimersApp.xcdatamodel; sourceTree = "<group>"; };
		5AFF3D512451BDA800270403 /* Assets.xcassets */ = {isa = PBXFileReference; lastKnownFileType = folder.assetcatalog; path = Assets.xcassets; sourceTree = "<group>"; };
		5AFF3D542451BDA900270403 /* Base */ = {isa = PBXFileReference; lastKnownFileType = file.storyboard; name = Base; path = Base.lproj/LaunchScreen.storyboard; sourceTree = "<group>"; };
		5AFF3D562451BDA900270403 /* Info.plist */ = {isa = PBXFileReference; lastKnownFileType = text.plist.xml; path = Info.plist; sourceTree = "<group>"; };
		5AFF3D5B2451BDAE00270403 /* TimersAppTests.xctest */ = {isa = PBXFileReference; explicitFileType = wrapper.cfbundle; includeInIndex = 0; path = TimersAppTests.xctest; sourceTree = BUILT_PRODUCTS_DIR; };
		5AFF3D5F2451BDAE00270403 /* TimersAppTests.swift */ = {isa = PBXFileReference; lastKnownFileType = sourcecode.swift; path = TimersAppTests.swift; sourceTree = "<group>"; };
		5AFF3D612451BDAE00270403 /* Info.plist */ = {isa = PBXFileReference; lastKnownFileType = text.plist.xml; path = Info.plist; sourceTree = "<group>"; };
/* End PBXFileReference section */

/* Begin PBXFrameworksBuildPhase section */
		5AFF3D3F2451BD7D00270403 /* Frameworks */ = {
			isa = PBXFrameworksBuildPhase;
			buildActionMask = 2147483647;
			files = (
			);
			runOnlyForDeploymentPostprocessing = 0;
		};
		5AFF3D582451BDAE00270403 /* Frameworks */ = {
			isa = PBXFrameworksBuildPhase;
			buildActionMask = 2147483647;
			files = (
			);
			runOnlyForDeploymentPostprocessing = 0;
		};
/* End PBXFrameworksBuildPhase section */

/* Begin PBXGroup section */
		5AFF3D392451BD7D00270403 = {
			isa = PBXGroup;
			children = (
				5AFF3D442451BD7D00270403 /* TimersApp */,
				5AFF3D5E2451BDAE00270403 /* TimersAppTests */,
				5AFF3D432451BD7D00270403 /* Products */,
			);
			sourceTree = "<group>";
		};
		5AFF3D432451BD7D00270403 /* Products */ = {
			isa = PBXGroup;
			children = (
				5AFF3D422451BD7D00270403 /* TimersApp.app */,
				5AFF3D5B2451BDAE00270403 /* TimersAppTests.xctest */,
			);
			name = Products;
			sourceTree = "<group>";
		};
		5AFF3D442451BD7D00270403 /* TimersApp */ = {
			isa = PBXGroup;
			children = (
				5AFF3D452451BD7D00270403 /* AppDelegate.swift */,
				5AFF3D472451BD7D00270403 /* SceneDelegate.swift */,
				5AFF3D492451BD7D00270403 /* ViewController.swift */,
				5AFF3D4B2451BD7D00270403 /* Main.storyboard */,
				5AFF3D512451BDA800270403 /* Assets.xcassets */,
				5AFF3D532451BDA900270403 /* LaunchScreen.storyboard */,
				5AFF3D562451BDA900270403 /* Info.plist */,
				5AFF3D4E2451BD7D00270403 /* TimersApp.xcdatamodeld */,
			);
			path = TimersApp;
			sourceTree = "<group>";
		};
		5AFF3D5E2451BDAE00270403 /* TimersAppTests */ = {
			isa = PBXGroup;
			children = (
				5AFF3D5F2451BDAE00270403 /* TimersAppTests.swift */,
				5AFF3D612451BDAE00270403 /* Info.plist */,
			);
			path = TimersAppTests;
			sourceTree = "<group>";
		};
/* End PBXGroup section */

/* Begin PBXNativeTarget section */
		5AFF3D412451BD7D00270403 /* TimersApp */ = {
			isa = PBXNativeTarget;
			buildConfigurationList = 5AFF3D642451BDAE00270403 /* Build configuration list for PBXNativeTarget "TimersApp" */;
			buildPhases = (
				5AFF3D3E2451BD7D00270403 /* Sources */,
				5AFF3D3F2451BD7D00270403 /* Frameworks */,
				5AFF3D402451BD7D00270403 /* Resources */,
			);
			buildRules = (
			);
			dependencies = (
			);
			name = TimersApp;
			productName = TimersApp;
			productReference = 5AFF3D422451BD7D00270403 /* TimersApp.app */;
			productType = "com.apple.product-type.application";
		};
		5AFF3D5A2451BDAE00270403 /* TimersAppTests */ = {
			isa = PBXNativeTarget;
			buildConfigurationList = 5AFF3D672451BDAE00270403 /* Build configuration list for PBXNativeTarget "TimersAppTests" */;
			buildPhases = (
				5AFF3D572451BDAE00270403 /* Sources */,
				5AFF3D582451BDAE00270403 /* Frameworks */,
				5AFF3D592451BDAE00270403 /* Resources */,
			);
			buildRules = (
			);
			dependencies = (
				5AFF3D5D2451BDAE00270403 /* PBXTargetDependency */,
			);
			name = TimersAppTests;
			productName = TimersAppTests;
			productReference = 5AFF3D5B2451BDAE00270403 /* TimersAppTests.xctest */;
			productType = "com.apple.product-type.bundle.unit-test";
		};
/* End PBXNativeTarget section */

/* Begin PBXProject section */
		5AFF3D3A2451BD7D00270403 /* Project object */ = {
			isa = PBXProject;
			attributes = {
				LastSwiftUpdateCheck = 1140;
				LastUpgradeCheck = 1140;
				ORGANIZATIONNAME = "Łukasz Bazior";
				TargetAttributes = {
					5AFF3D412451BD7D00270403 = {
						CreatedOnToolsVersion = 11.4;
					};
					5AFF3D5A2451BDAE00270403 = {
						CreatedOnToolsVersion = 11.4;
						TestTargetID = 5AFF3D412451BD7D00270403;
					};
				};
			};
			buildConfigurationList = 5AFF3D3D2451BD7D00270403 /* Build configuration list for PBXProject "TimersApp" */;
			compatibilityVersion = "Xcode 9.3";
			developmentRegion = en;
			hasScannedForEncodings = 0;
			knownRegions = (
				en,
				Base,
			);
			mainGroup = 5AFF3D392451BD7D00270403;
			productRefGroup = 5AFF3D432451BD7D00270403 /* Products */;
			projectDirPath = "";
			projectRoot = "";
			targets = (
				5AFF3D412451BD7D00270403 /* TimersApp */,
				5AFF3D5A2451BDAE00270403 /* TimersAppTests */,
			);
		};
/* End PBXProject section */

/* Begin PBXResourcesBuildPhase section */
		5AFF3D402451BD7D00270403 /* Resources */ = {
			isa = PBXResourcesBuildPhase;
			buildActionMask = 2147483647;
			files = (
				5AFF3D552451BDA900270403 /* LaunchScreen.storyboard in Resources */,
				5AFF3D522451BDA800270403 /* Assets.xcassets in Resources */,
				5AFF3D4D2451BD7D00270403 /* Main.storyboard in Resources */,
			);
			runOnlyForDeploymentPostprocessing = 0;
		};
		5AFF3D592451BDAE00270403 /* Resources */ = {
			isa = PBXResourcesBuildPhase;
			buildActionMask = 2147483647;
			files = (
			);
			runOnlyForDeploymentPostprocessing = 0;
		};
/* End PBXResourcesBuildPhase section */

/* Begin PBXSourcesBuildPhase section */
		5AFF3D3E2451BD7D00270403 /* Sources */ = {
			isa = PBXSourcesBuildPhase;
			buildActionMask = 2147483647;
			files = (
				5AFF3D4A2451BD7D00270403 /* ViewController.swift in Sources */,
				5AFF3D462451BD7D00270403 /* AppDelegate.swift in Sources */,
				5AFF3D482451BD7D00270403 /* SceneDelegate.swift in Sources */,
				5AFF3D502451BD7D00270403 /* TimersApp.xcdatamodeld in Sources */,
			);
			runOnlyForDeploymentPostprocessing = 0;
		};
		5AFF3D572451BDAE00270403 /* Sources */ = {
			isa = PBXSourcesBuildPhase;
			buildActionMask = 2147483647;
			files = (
				5AFF3D602451BDAE00270403 /* TimersAppTests.swift in Sources */,
			);
			runOnlyForDeploymentPostprocessing = 0;
		};
/* End PBXSourcesBuildPhase section */

/* Begin PBXTargetDependency section */
		5AFF3D5D2451BDAE00270403 /* PBXTargetDependency */ = {
			isa = PBXTargetDependency;
			target = 5AFF3D412451BD7D00270403 /* TimersApp */;
			targetProxy = 5AFF3D5C2451BDAE00270403 /* PBXContainerItemProxy */;
		};
/* End PBXTargetDependency section */

/* Begin PBXVariantGroup section */
		5AFF3D4B2451BD7D00270403 /* Main.storyboard */ = {
			isa = PBXVariantGroup;
			children = (
				5AFF3D4C2451BD7D00270403 /* Base */,
			);
			name = Main.storyboard;
			sourceTree = "<group>";
		};
		5AFF3D532451BDA900270403 /* LaunchScreen.storyboard */ = {
			isa = PBXVariantGroup;
			children = (
				5AFF3D542451BDA900270403 /* Base */,
			);
			name = LaunchScreen.storyboard;
			sourceTree = "<group>";
		};
/* End PBXVariantGroup section */

/* Begin XCBuildConfiguration section */
		5AFF3D622451BDAE00270403 /* Debug */ = {
			isa = XCBuildConfiguration;
			buildSettings = {
				ALWAYS_SEARCH_USER_PATHS = NO;
				CLANG_ANALYZER_NONNULL = YES;
				CLANG_ANALYZER_NUMBER_OBJECT_CONVERSION = YES_AGGRESSIVE;
				CLANG_CXX_LANGUAGE_STANDARD = "gnu++14";
				CLANG_CXX_LIBRARY = "libc++";
				CLANG_ENABLE_MODULES = YES;
				CLANG_ENABLE_OBJC_ARC = YES;
				CLANG_ENABLE_OBJC_WEAK = YES;
				CLANG_WARN_BLOCK_CAPTURE_AUTORELEASING = YES;
				CLANG_WARN_BOOL_CONVERSION = YES;
				CLANG_WARN_COMMA = YES;
				CLANG_WARN_CONSTANT_CONVERSION = YES;
				CLANG_WARN_DEPRECATED_OBJC_IMPLEMENTATIONS = YES;
				CLANG_WARN_DIRECT_OBJC_ISA_USAGE = YES_ERROR;
				CLANG_WARN_DOCUMENTATION_COMMENTS = YES;
				CLANG_WARN_EMPTY_BODY = YES;
				CLANG_WARN_ENUM_CONVERSION = YES;
				CLANG_WARN_INFINITE_RECURSION = YES;
				CLANG_WARN_INT_CONVERSION = YES;
				CLANG_WARN_NON_LITERAL_NULL_CONVERSION = YES;
				CLANG_WARN_OBJC_IMPLICIT_RETAIN_SELF = YES;
				CLANG_WARN_OBJC_LITERAL_CONVERSION = YES;
				CLANG_WARN_OBJC_ROOT_CLASS = YES_ERROR;
				CLANG_WARN_RANGE_LOOP_ANALYSIS = YES;
				CLANG_WARN_STRICT_PROTOTYPES = YES;
				CLANG_WARN_SUSPICIOUS_MOVE = YES;
				CLANG_WARN_UNGUARDED_AVAILABILITY = YES_AGGRESSIVE;
				CLANG_WARN_UNREACHABLE_CODE = YES;
				CLANG_WARN__DUPLICATE_METHOD_MATCH = YES;
				COPY_PHASE_STRIP = NO;
				DEBUG_INFORMATION_FORMAT = dwarf;
				ENABLE_STRICT_OBJC_MSGSEND = YES;
				ENABLE_TESTABILITY = YES;
				GCC_C_LANGUAGE_STANDARD = gnu11;
				GCC_DYNAMIC_NO_PIC = NO;
				GCC_NO_COMMON_BLOCKS = YES;
				GCC_OPTIMIZATION_LEVEL = 0;
				GCC_PREPROCESSOR_DEFINITIONS = (
					"DEBUG=1",
					"$(inherited)",
				);
				GCC_WARN_64_TO_32_BIT_CONVERSION = YES;
				GCC_WARN_ABOUT_RETURN_TYPE = YES_ERROR;
				GCC_WARN_UNDECLARED_SELECTOR = YES;
				GCC_WARN_UNINITIALIZED_AUTOS = YES_AGGRESSIVE;
				GCC_WARN_UNUSED_FUNCTION = YES;
				GCC_WARN_UNUSED_VARIABLE = YES;
				IPHONEOS_DEPLOYMENT_TARGET = 13.4;
				MTL_ENABLE_DEBUG_INFO = INCLUDE_SOURCE;
				MTL_FAST_MATH = YES;
				ONLY_ACTIVE_ARCH = YES;
				SDKROOT = iphoneos;
				SWIFT_ACTIVE_COMPILATION_CONDITIONS = DEBUG;
				SWIFT_OPTIMIZATION_LEVEL = "-Onone";
			};
			name = Debug;
		};
		5AFF3D632451BDAE00270403 /* Release */ = {
			isa = XCBuildConfiguration;
			buildSettings = {
				ALWAYS_SEARCH_USER_PATHS = NO;
				CLANG_ANALYZER_NONNULL = YES;
				CLANG_ANALYZER_NUMBER_OBJECT_CONVERSION = YES_AGGRESSIVE;
				CLANG_CXX_LANGUAGE_STANDARD = "gnu++14";
				CLANG_CXX_LIBRARY = "libc++";
				CLANG_ENABLE_MODULES = YES;
				CLANG_ENABLE_OBJC_ARC = YES;
				CLANG_ENABLE_OBJC_WEAK = YES;
				CLANG_WARN_BLOCK_CAPTURE_AUTORELEASING = YES;
				CLANG_WARN_BOOL_CONVERSION = YES;
				CLANG_WARN_COMMA = YES;
				CLANG_WARN_CONSTANT_CONVERSION = YES;
				CLANG_WARN_DEPRECATED_OBJC_IMPLEMENTATIONS = YES;
				CLANG_WARN_DIRECT_OBJC_ISA_USAGE = YES_ERROR;
				CLANG_WARN_DOCUMENTATION_COMMENTS = YES;
				CLANG_WARN_EMPTY_BODY = YES;
				CLANG_WARN_ENUM_CONVERSION = YES;
				CLANG_WARN_INFINITE_RECURSION = YES;
				CLANG_WARN_INT_CONVERSION = YES;
				CLANG_WARN_NON_LITERAL_NULL_CONVERSION = YES;
				CLANG_WARN_OBJC_IMPLICIT_RETAIN_SELF = YES;
				CLANG_WARN_OBJC_LITERAL_CONVERSION = YES;
				CLANG_WARN_OBJC_ROOT_CLASS = YES_ERROR;
				CLANG_WARN_RANGE_LOOP_ANALYSIS = YES;
				CLANG_WARN_STRICT_PROTOTYPES = YES;
				CLANG_WARN_SUSPICIOUS_MOVE = YES;
				CLANG_WARN_UNGUARDED_AVAILABILITY = YES_AGGRESSIVE;
				CLANG_WARN_UNREACHABLE_CODE = YES;
				CLANG_WARN__DUPLICATE_METHOD_MATCH = YES;
				COPY_PHASE_STRIP = NO;
				DEBUG_INFORMATION_FORMAT = "dwarf-with-dsym";
				ENABLE_NS_ASSERTIONS = NO;
				ENABLE_STRICT_OBJC_MSGSEND = YES;
				GCC_C_LANGUAGE_STANDARD = gnu11;
				GCC_NO_COMMON_BLOCKS = YES;
				GCC_WARN_64_TO_32_BIT_CONVERSION = YES;
				GCC_WARN_ABOUT_RETURN_TYPE = YES_ERROR;
				GCC_WARN_UNDECLARED_SELECTOR = YES;
				GCC_WARN_UNINITIALIZED_AUTOS = YES_AGGRESSIVE;
				GCC_WARN_UNUSED_FUNCTION = YES;
				GCC_WARN_UNUSED_VARIABLE = YES;
				IPHONEOS_DEPLOYMENT_TARGET = 13.4;
				MTL_ENABLE_DEBUG_INFO = NO;
				MTL_FAST_MATH = YES;
				SDKROOT = iphoneos;
				SWIFT_COMPILATION_MODE = wholemodule;
				SWIFT_OPTIMIZATION_LEVEL = "-O";
				VALIDATE_PRODUCT = YES;
			};
			name = Release;
		};
		5AFF3D652451BDAE00270403 /* Debug */ = {
			isa = XCBuildConfiguration;
			buildSettings = {
				ASSETCATALOG_COMPILER_APPICON_NAME = AppIcon;
				CODE_SIGN_STYLE = Automatic;
				DEVELOPMENT_TEAM = Q47X9U5WU7;
				INFOPLIST_FILE = TimersApp/Info.plist;
				LD_RUNPATH_SEARCH_PATHS = (
					"$(inherited)",
					"@executable_path/Frameworks",
				);
				PRODUCT_BUNDLE_IDENTIFIER = bandzior157.TimersApp;
				PRODUCT_NAME = "$(TARGET_NAME)";
				SWIFT_VERSION = 5.0;
				TARGETED_DEVICE_FAMILY = "1,2";
			};
			name = Debug;
		};
		5AFF3D662451BDAE00270403 /* Release */ = {
			isa = XCBuildConfiguration;
			buildSettings = {
				ASSETCATALOG_COMPILER_APPICON_NAME = AppIcon;
				CODE_SIGN_STYLE = Automatic;
				DEVELOPMENT_TEAM = Q47X9U5WU7;
				INFOPLIST_FILE = TimersApp/Info.plist;
				LD_RUNPATH_SEARCH_PATHS = (
					"$(inherited)",
					"@executable_path/Frameworks",
				);
				PRODUCT_BUNDLE_IDENTIFIER = bandzior157.TimersApp;
				PRODUCT_NAME = "$(TARGET_NAME)";
				SWIFT_VERSION = 5.0;
				TARGETED_DEVICE_FAMILY = "1,2";
			};
			name = Release;
		};
		5AFF3D682451BDAE00270403 /* Debug */ = {
			isa = XCBuildConfiguration;
			buildSettings = {
				ALWAYS_EMBED_SWIFT_STANDARD_LIBRARIES = YES;
				BUNDLE_LOADER = "$(TEST_HOST)";
				CODE_SIGN_STYLE = Automatic;
				DEVELOPMENT_TEAM = Q47X9U5WU7;
				INFOPLIST_FILE = TimersAppTests/Info.plist;
				IPHONEOS_DEPLOYMENT_TARGET = 13.4;
				LD_RUNPATH_SEARCH_PATHS = (
					"$(inherited)",
					"@executable_path/Frameworks",
					"@loader_path/Frameworks",
				);
				PRODUCT_BUNDLE_IDENTIFIER = bandzior157.TimersAppTests;
				PRODUCT_NAME = "$(TARGET_NAME)";
				SWIFT_VERSION = 5.0;
				TARGETED_DEVICE_FAMILY = "1,2";
				TEST_HOST = "$(BUILT_PRODUCTS_DIR)/TimersApp.app/TimersApp";
			};
			name = Debug;
		};
		5AFF3D692451BDAE00270403 /* Release */ = {
			isa = XCBuildConfiguration;
			buildSettings = {
				ALWAYS_EMBED_SWIFT_STANDARD_LIBRARIES = YES;
				BUNDLE_LOADER = "$(TEST_HOST)";
				CODE_SIGN_STYLE = Automatic;
				DEVELOPMENT_TEAM = Q47X9U5WU7;
				INFOPLIST_FILE = TimersAppTests/Info.plist;
				IPHONEOS_DEPLOYMENT_TARGET = 13.4;
				LD_RUNPATH_SEARCH_PATHS = (
					"$(inherited)",
					"@executable_path/Frameworks",
					"@loader_path/Frameworks",
				);
				PRODUCT_BUNDLE_IDENTIFIER = bandzior157.TimersAppTests;
				PRODUCT_NAME = "$(TARGET_NAME)";
				SWIFT_VERSION = 5.0;
				TARGETED_DEVICE_FAMILY = "1,2";
				TEST_HOST = "$(BUILT_PRODUCTS_DIR)/TimersApp.app/TimersApp";
			};
			name = Release;
		};
/* End XCBuildConfiguration section */

/* Begin XCConfigurationList section */
		5AFF3D3D2451BD7D00270403 /* Build configuration list for PBXProject "TimersApp" */ = {
			isa = XCConfigurationList;
			buildConfigurations = (
				5AFF3D622451BDAE00270403 /* Debug */,
				5AFF3D632451BDAE00270403 /* Release */,
			);
			defaultConfigurationIsVisible = 0;
			defaultConfigurationName = Release;
		};
		5AFF3D642451BDAE00270403 /* Build configuration list for PBXNativeTarget "TimersApp" */ = {
			isa = XCConfigurationList;
			buildConfigurations = (
				5AFF3D652451BDAE00270403 /* Debug */,
				5AFF3D662451BDAE00270403 /* Release */,
			);
			defaultConfigurationIsVisible = 0;
			defaultConfigurationName = Release;
		};
		5AFF3D672451BDAE00270403 /* Build configuration list for PBXNativeTarget "TimersAppTests" */ = {
			isa = XCConfigurationList;
			buildConfigurations = (
				5AFF3D682451BDAE00270403 /* Debug */,
				5AFF3D692451BDAE00270403 /* Release */,
			);
			defaultConfigurationIsVisible = 0;
			defaultConfigurationName = Release;
		};
/* End XCConfigurationList section */

/* Begin XCVersionGroup section */
		5AFF3D4E2451BD7D00270403 /* TimersApp.xcdatamodeld */ = {
			isa = XCVersionGroup;
			children = (
				5AFF3D4F2451BD7D00270403 /* TimersApp.xcdatamodel */,
			);
			currentVersion = 5AFF3D4F2451BD7D00270403 /* TimersApp.xcdatamodel */;
			path = TimersApp.xcdatamodeld;
			sourceTree = "<group>";
			versionGroupType = wrapper.xcdatamodel;
		};
/* End XCVersionGroup section */
	};
	rootObject = 5AFF3D3A2451BD7D00270403 /* Project object */;
}
